// !$*UTF8*$!
{
	archiveVersion = 1;
	classes = {
	};
	objectVersion = 50;
	objects = {

/* Begin PBXBuildFile section */
		6914A68821DE5B0D004753D8 /* AppDelegate.swift in Sources */ = {isa = PBXBuildFile; fileRef = 6914A68721DE5B0D004753D8 /* AppDelegate.swift */; };
		6914A68A21DE5B0D004753D8 /* ViewController.swift in Sources */ = {isa = PBXBuildFile; fileRef = 6914A68921DE5B0D004753D8 /* ViewController.swift */; };
		6914A68D21DE5B0D004753D8 /* Main.storyboard in Resources */ = {isa = PBXBuildFile; fileRef = 6914A68B21DE5B0D004753D8 /* Main.storyboard */; };
		6914A69021DE5B0D004753D8 /* GitXcode.xcdatamodeld in Sources */ = {isa = PBXBuildFile; fileRef = 6914A68E21DE5B0D004753D8 /* GitXcode.xcdatamodeld */; };
		6914A69221DE5B11004753D8 /* Assets.xcassets in Resources */ = {isa = PBXBuildFile; fileRef = 6914A69121DE5B11004753D8 /* Assets.xcassets */; };
		6914A69521DE5B11004753D8 /* LaunchScreen.storyboard in Resources */ = {isa = PBXBuildFile; fileRef = 6914A69321DE5B11004753D8 /* LaunchScreen.storyboard */; };
		6914A6A021DE5B11004753D8 /* GitXcodeTests.swift in Sources */ = {isa = PBXBuildFile; fileRef = 6914A69F21DE5B11004753D8 /* GitXcodeTests.swift */; };
		6914A6AB21DE5B11004753D8 /* GitXcodeUITests.swift in Sources */ = {isa = PBXBuildFile; fileRef = 6914A6AA21DE5B11004753D8 /* GitXcodeUITests.swift */; };
/* End PBXBuildFile section */

/* Begin PBXContainerItemProxy section */
		6914A69C21DE5B11004753D8 /* PBXContainerItemProxy */ = {
			isa = PBXContainerItemProxy;
			containerPortal = 6914A67C21DE5B0D004753D8 /* Project object */;
			proxyType = 1;
			remoteGlobalIDString = 6914A68321DE5B0D004753D8;
			remoteInfo = GitXcode;
		};
		6914A6A721DE5B11004753D8 /* PBXContainerItemProxy */ = {
			isa = PBXContainerItemProxy;
			containerPortal = 6914A67C21DE5B0D004753D8 /* Project object */;
			proxyType = 1;
			remoteGlobalIDString = 6914A68321DE5B0D004753D8;
			remoteInfo = GitXcode;
		};
/* End PBXContainerItemProxy section */

/* Begin PBXFileReference section */
		6914A68421DE5B0D004753D8 /* GitXcode.app */ = {isa = PBXFileReference; explicitFileType = wrapper.application; includeInIndex = 0; path = GitXcode.app; sourceTree = BUILT_PRODUCTS_DIR; };
		6914A68721DE5B0D004753D8 /* AppDelegate.swift */ = {isa = PBXFileReference; lastKnownFileType = sourcecode.swift; path = AppDelegate.swift; sourceTree = "<group>"; };
		6914A68921DE5B0D004753D8 /* ViewController.swift */ = {isa = PBXFileReference; lastKnownFileType = sourcecode.swift; path = ViewController.swift; sourceTree = "<group>"; };
		6914A68C21DE5B0D004753D8 /* Base */ = {isa = PBXFileReference; lastKnownFileType = file.storyboard; name = Base; path = Base.lproj/Main.storyboard; sourceTree = "<group>"; };
		6914A68F21DE5B0D004753D8 /* GitXcode.xcdatamodel */ = {isa = PBXFileReference; lastKnownFileType = wrapper.xcdatamodel; path = GitXcode.xcdatamodel; sourceTree = "<group>"; };
		6914A69121DE5B11004753D8 /* Assets.xcassets */ = {isa = PBXFileReference; lastKnownFileType = folder.assetcatalog; path = Assets.xcassets; sourceTree = "<group>"; };
		6914A69421DE5B11004753D8 /* Base */ = {isa = PBXFileReference; lastKnownFileType = file.storyboard; name = Base; path = Base.lproj/LaunchScreen.storyboard; sourceTree = "<group>"; };
		6914A69621DE5B11004753D8 /* Info.plist */ = {isa = PBXFileReference; lastKnownFileType = text.plist.xml; path = Info.plist; sourceTree = "<group>"; };
		6914A69B21DE5B11004753D8 /* GitXcodeTests.xctest */ = {isa = PBXFileReference; explicitFileType = wrapper.cfbundle; includeInIndex = 0; path = GitXcodeTests.xctest; sourceTree = BUILT_PRODUCTS_DIR; };
		6914A69F21DE5B11004753D8 /* GitXcodeTests.swift */ = {isa = PBXFileReference; lastKnownFileType = sourcecode.swift; path = GitXcodeTests.swift; sourceTree = "<group>"; };
		6914A6A121DE5B11004753D8 /* Info.plist */ = {isa = PBXFileReference; lastKnownFileType = text.plist.xml; path = Info.plist; sourceTree = "<group>"; };
		6914A6A621DE5B11004753D8 /* GitXcodeUITests.xctest */ = {isa = PBXFileReference; explicitFileType = wrapper.cfbundle; includeInIndex = 0; path = GitXcodeUITests.xctest; sourceTree = BUILT_PRODUCTS_DIR; };
		6914A6AA21DE5B11004753D8 /* GitXcodeUITests.swift */ = {isa = PBXFileReference; lastKnownFileType = sourcecode.swift; path = GitXcodeUITests.swift; sourceTree = "<group>"; };
		6914A6AC21DE5B11004753D8 /* Info.plist */ = {isa = PBXFileReference; lastKnownFileType = text.plist.xml; path = Info.plist; sourceTree = "<group>"; };
/* End PBXFileReference section */

/* Begin PBXFrameworksBuildPhase section */
		6914A68121DE5B0D004753D8 /* Frameworks */ = {
			isa = PBXFrameworksBuildPhase;
			buildActionMask = 2147483647;
			files = (
			);
			runOnlyForDeploymentPostprocessing = 0;
		};
		6914A69821DE5B11004753D8 /* Frameworks */ = {
			isa = PBXFrameworksBuildPhase;
			buildActionMask = 2147483647;
			files = (
			);
			runOnlyForDeploymentPostprocessing = 0;
		};
		6914A6A321DE5B11004753D8 /* Frameworks */ = {
			isa = PBXFrameworksBuildPhase;
			buildActionMask = 2147483647;
			files = (
			);
			runOnlyForDeploymentPostprocessing = 0;
		};
/* End PBXFrameworksBuildPhase section */

/* Begin PBXGroup section */
		6914A67B21DE5B0D004753D8 = {
			isa = PBXGroup;
			children = (
				6914A68621DE5B0D004753D8 /* GitXcode */,
				6914A69E21DE5B11004753D8 /* GitXcodeTests */,
				6914A6A921DE5B11004753D8 /* GitXcodeUITests */,
				6914A68521DE5B0D004753D8 /* Products */,
			);
			sourceTree = "<group>";
		};
		6914A68521DE5B0D004753D8 /* Products */ = {
			isa = PBXGroup;
			children = (
				6914A68421DE5B0D004753D8 /* GitXcode.app */,
				6914A69B21DE5B11004753D8 /* GitXcodeTests.xctest */,
				6914A6A621DE5B11004753D8 /* GitXcodeUITests.xctest */,
			);
			name = Products;
			sourceTree = "<group>";
		};
		6914A68621DE5B0D004753D8 /* GitXcode */ = {
			isa = PBXGroup;
			children = (
				6914A68721DE5B0D004753D8 /* AppDelegate.swift */,
				6914A68921DE5B0D004753D8 /* ViewController.swift */,
				6914A68B21DE5B0D004753D8 /* Main.storyboard */,
				6914A69121DE5B11004753D8 /* Assets.xcassets */,
				6914A69321DE5B11004753D8 /* LaunchScreen.storyboard */,
				6914A69621DE5B11004753D8 /* Info.plist */,
				6914A68E21DE5B0D004753D8 /* GitXcode.xcdatamodeld */,
			);
			path = GitXcode;
			sourceTree = "<group>";
		};
		6914A69E21DE5B11004753D8 /* GitXcodeTests */ = {
			isa = PBXGroup;
			children = (
				6914A69F21DE5B11004753D8 /* GitXcodeTests.swift */,
				6914A6A121DE5B11004753D8 /* Info.plist */,
			);
			path = GitXcodeTests;
			sourceTree = "<group>";
		};
		6914A6A921DE5B11004753D8 /* GitXcodeUITests */ = {
			isa = PBXGroup;
			children = (
				6914A6AA21DE5B11004753D8 /* GitXcodeUITests.swift */,
				6914A6AC21DE5B11004753D8 /* Info.plist */,
			);
			path = GitXcodeUITests;
			sourceTree = "<group>";
		};
/* End PBXGroup section */

/* Begin PBXNativeTarget section */
		6914A68321DE5B0D004753D8 /* GitXcode */ = {
			isa = PBXNativeTarget;
			buildConfigurationList = 6914A6AF21DE5B11004753D8 /* Build configuration list for PBXNativeTarget "GitXcode" */;
			buildPhases = (
				6914A68021DE5B0D004753D8 /* Sources */,
				6914A68121DE5B0D004753D8 /* Frameworks */,
				6914A68221DE5B0D004753D8 /* Resources */,
			);
			buildRules = (
			);
			dependencies = (
			);
			name = GitXcode;
			productName = GitXcode;
			productReference = 6914A68421DE5B0D004753D8 /* GitXcode.app */;
			productType = "com.apple.product-type.application";
		};
		6914A69A21DE5B11004753D8 /* GitXcodeTests */ = {
			isa = PBXNativeTarget;
			buildConfigurationList = 6914A6B221DE5B11004753D8 /* Build configuration list for PBXNativeTarget "GitXcodeTests" */;
			buildPhases = (
				6914A69721DE5B11004753D8 /* Sources */,
				6914A69821DE5B11004753D8 /* Frameworks */,
				6914A69921DE5B11004753D8 /* Resources */,
			);
			buildRules = (
			);
			dependencies = (
				6914A69D21DE5B11004753D8 /* PBXTargetDependency */,
			);
			name = GitXcodeTests;
			productName = GitXcodeTests;
			productReference = 6914A69B21DE5B11004753D8 /* GitXcodeTests.xctest */;
			productType = "com.apple.product-type.bundle.unit-test";
		};
		6914A6A521DE5B11004753D8 /* GitXcodeUITests */ = {
			isa = PBXNativeTarget;
			buildConfigurationList = 6914A6B521DE5B11004753D8 /* Build configuration list for PBXNativeTarget "GitXcodeUITests" */;
			buildPhases = (
				6914A6A221DE5B11004753D8 /* Sources */,
				6914A6A321DE5B11004753D8 /* Frameworks */,
				6914A6A421DE5B11004753D8 /* Resources */,
			);
			buildRules = (
			);
			dependencies = (
				6914A6A821DE5B11004753D8 /* PBXTargetDependency */,
			);
			name = GitXcodeUITests;
			productName = GitXcodeUITests;
			productReference = 6914A6A621DE5B11004753D8 /* GitXcodeUITests.xctest */;
			productType = "com.apple.product-type.bundle.ui-testing";
		};
/* End PBXNativeTarget section */

/* Begin PBXProject section */
		6914A67C21DE5B0D004753D8 /* Project object */ = {
			isa = PBXProject;
			attributes = {
				LastSwiftUpdateCheck = 1010;
				LastUpgradeCheck = 1010;
				ORGANIZATIONNAME = "Dorian Riepe";
				TargetAttributes = {
					6914A68321DE5B0D004753D8 = {
						CreatedOnToolsVersion = 10.1;
					};
					6914A69A21DE5B11004753D8 = {
						CreatedOnToolsVersion = 10.1;
						TestTargetID = 6914A68321DE5B0D004753D8;
					};
					6914A6A521DE5B11004753D8 = {
						CreatedOnToolsVersion = 10.1;
						TestTargetID = 6914A68321DE5B0D004753D8;
					};
				};
			};
			buildConfigurationList = 6914A67F21DE5B0D004753D8 /* Build configuration list for PBXProject "GitXcode" */;
			compatibilityVersion = "Xcode 9.3";
			developmentRegion = en;
			hasScannedForEncodings = 0;
			knownRegions = (
				en,
				Base,
			);
			mainGroup = 6914A67B21DE5B0D004753D8;
			productRefGroup = 6914A68521DE5B0D004753D8 /* Products */;
			projectDirPath = "";
			projectRoot = "";
			targets = (
				6914A68321DE5B0D004753D8 /* GitXcode */,
				6914A69A21DE5B11004753D8 /* GitXcodeTests */,
				6914A6A521DE5B11004753D8 /* GitXcodeUITests */,
			);
		};
/* End PBXProject section */

/* Begin PBXResourcesBuildPhase section */
		6914A68221DE5B0D004753D8 /* Resources */ = {
			isa = PBXResourcesBuildPhase;
			buildActionMask = 2147483647;
			files = (
				6914A69521DE5B11004753D8 /* LaunchScreen.storyboard in Resources */,
				6914A69221DE5B11004753D8 /* Assets.xcassets in Resources */,
				6914A68D21DE5B0D004753D8 /* Main.storyboard in Resources */,
			);
			runOnlyForDeploymentPostprocessing = 0;
		};
		6914A69921DE5B11004753D8 /* Resources */ = {
			isa = PBXResourcesBuildPhase;
			buildActionMask = 2147483647;
			files = (
			);
			runOnlyForDeploymentPostprocessing = 0;
		};
		6914A6A421DE5B11004753D8 /* Resources */ = {
			isa = PBXResourcesBuildPhase;
			buildActionMask = 2147483647;
			files = (
			);
			runOnlyForDeploymentPostprocessing = 0;
		};
/* End PBXResourcesBuildPhase section */

/* Begin PBXSourcesBuildPhase section */
		6914A68021DE5B0D004753D8 /* Sources */ = {
			isa = PBXSourcesBuildPhase;
			buildActionMask = 2147483647;
			files = (
				6914A68A21DE5B0D004753D8 /* ViewController.swift in Sources */,
				6914A68821DE5B0D004753D8 /* AppDelegate.swift in Sources */,
				6914A69021DE5B0D004753D8 /* GitXcode.xcdatamodeld in Sources */,
			);
			runOnlyForDeploymentPostprocessing = 0;
		};
		6914A69721DE5B11004753D8 /* Sources */ = {
			isa = PBXSourcesBuildPhase;
			buildActionMask = 2147483647;
			files = (
				6914A6A021DE5B11004753D8 /* GitXcodeTests.swift in Sources */,
			);
			runOnlyForDeploymentPostprocessing = 0;
		};
		6914A6A221DE5B11004753D8 /* Sources */ = {
			isa = PBXSourcesBuildPhase;
			buildActionMask = 2147483647;
			files = (
				6914A6AB21DE5B11004753D8 /* GitXcodeUITests.swift in Sources */,
			);
			runOnlyForDeploymentPostprocessing = 0;
		};
/* End PBXSourcesBuildPhase section */

/* Begin PBXTargetDependency section */
		6914A69D21DE5B11004753D8 /* PBXTargetDependency */ = {
			isa = PBXTargetDependency;
			target = 6914A68321DE5B0D004753D8 /* GitXcode */;
			targetProxy = 6914A69C21DE5B11004753D8 /* PBXContainerItemProxy */;
		};
		6914A6A821DE5B11004753D8 /* PBXTargetDependency */ = {
			isa = PBXTargetDependency;
			target = 6914A68321DE5B0D004753D8 /* GitXcode */;
			targetProxy = 6914A6A721DE5B11004753D8 /* PBXContainerItemProxy */;
		};
/* End PBXTargetDependency section */

/* Begin PBXVariantGroup section */
		6914A68B21DE5B0D004753D8 /* Main.storyboard */ = {
			isa = PBXVariantGroup;
			children = (
				6914A68C21DE5B0D004753D8 /* Base */,
			);
			name = Main.storyboard;
			sourceTree = "<group>";
		};
		6914A69321DE5B11004753D8 /* LaunchScreen.storyboard */ = {
			isa = PBXVariantGroup;
			children = (
				6914A69421DE5B11004753D8 /* Base */,
			);
			name = LaunchScreen.storyboard;
			sourceTree = "<group>";
		};
/* End PBXVariantGroup section */

/* Begin XCBuildConfiguration section */
		6914A6AD21DE5B11004753D8 /* Debug */ = {
			isa = XCBuildConfiguration;
			buildSettings = {
				ALWAYS_SEARCH_USER_PATHS = NO;
				CLANG_ANALYZER_NONNULL = YES;
				CLANG_ANALYZER_NUMBER_OBJECT_CONVERSION = YES_AGGRESSIVE;
				CLANG_CXX_LANGUAGE_STANDARD = "gnu++14";
				CLANG_CXX_LIBRARY = "libc++";
				CLANG_ENABLE_MODULES = YES;
				CLANG_ENABLE_OBJC_ARC = YES;
				CLANG_ENABLE_OBJC_WEAK = YES;
				CLANG_WARN_BLOCK_CAPTURE_AUTORELEASING = YES;
				CLANG_WARN_BOOL_CONVERSION = YES;
				CLANG_WARN_COMMA = YES;
				CLANG_WARN_CONSTANT_CONVERSION = YES;
				CLANG_WARN_DEPRECATED_OBJC_IMPLEMENTATIONS = YES;
				CLANG_WARN_DIRECT_OBJC_ISA_USAGE = YES_ERROR;
				CLANG_WARN_DOCUMENTATION_COMMENTS = YES;
				CLANG_WARN_EMPTY_BODY = YES;
				CLANG_WARN_ENUM_CONVERSION = YES;
				CLANG_WARN_INFINITE_RECURSION = YES;
				CLANG_WARN_INT_CONVERSION = YES;
				CLANG_WARN_NON_LITERAL_NULL_CONVERSION = YES;
				CLANG_WARN_OBJC_IMPLICIT_RETAIN_SELF = YES;
				CLANG_WARN_OBJC_LITERAL_CONVERSION = YES;
				CLANG_WARN_OBJC_ROOT_CLASS = YES_ERROR;
				CLANG_WARN_RANGE_LOOP_ANALYSIS = YES;
				CLANG_WARN_STRICT_PROTOTYPES = YES;
				CLANG_WARN_SUSPICIOUS_MOVE = YES;
				CLANG_WARN_UNGUARDED_AVAILABILITY = YES_AGGRESSIVE;
				CLANG_WARN_UNREACHABLE_CODE = YES;
				CLANG_WARN__DUPLICATE_METHOD_MATCH = YES;
				CODE_SIGN_IDENTITY = "iPhone Developer";
				COPY_PHASE_STRIP = NO;
				DEBUG_INFORMATION_FORMAT = dwarf;
				ENABLE_STRICT_OBJC_MSGSEND = YES;
				ENABLE_TESTABILITY = YES;
				GCC_C_LANGUAGE_STANDARD = gnu11;
				GCC_DYNAMIC_NO_PIC = NO;
				GCC_NO_COMMON_BLOCKS = YES;
				GCC_OPTIMIZATION_LEVEL = 0;
				GCC_PREPROCESSOR_DEFINITIONS = (
					"DEBUG=1",
					"$(inherited)",
				);
				GCC_WARN_64_TO_32_BIT_CONVERSION = YES;
				GCC_WARN_ABOUT_RETURN_TYPE = YES_ERROR;
				GCC_WARN_UNDECLARED_SELECTOR = YES;
				GCC_WARN_UNINITIALIZED_AUTOS = YES_AGGRESSIVE;
				GCC_WARN_UNUSED_FUNCTION = YES;
				GCC_WARN_UNUSED_VARIABLE = YES;
				IPHONEOS_DEPLOYMENT_TARGET = 12.1;
				MTL_ENABLE_DEBUG_INFO = INCLUDE_SOURCE;
				MTL_FAST_MATH = YES;
				ONLY_ACTIVE_ARCH = YES;
				SDKROOT = iphoneos;
				SWIFT_ACTIVE_COMPILATION_CONDITIONS = DEBUG;
				SWIFT_OPTIMIZATION_LEVEL = "-Onone";
			};
			name = Debug;
		};
		6914A6AE21DE5B11004753D8 /* Release */ = {
			isa = XCBuildConfiguration;
			buildSettings = {
				ALWAYS_SEARCH_USER_PATHS = NO;
				CLANG_ANALYZER_NONNULL = YES;
				CLANG_ANALYZER_NUMBER_OBJECT_CONVERSION = YES_AGGRESSIVE;
				CLANG_CXX_LANGUAGE_STANDARD = "gnu++14";
				CLANG_CXX_LIBRARY = "libc++";
				CLANG_ENABLE_MODULES = YES;
				CLANG_ENABLE_OBJC_ARC = YES;
				CLANG_ENABLE_OBJC_WEAK = YES;
				CLANG_WARN_BLOCK_CAPTURE_AUTORELEASING = YES;
				CLANG_WARN_BOOL_CONVERSION = YES;
				CLANG_WARN_COMMA = YES;
				CLANG_WARN_CONSTANT_CONVERSION = YES;
				CLANG_WARN_DEPRECATED_OBJC_IMPLEMENTATIONS = YES;
				CLANG_WARN_DIRECT_OBJC_ISA_USAGE = YES_ERROR;
				CLANG_WARN_DOCUMENTATION_COMMENTS = YES;
				CLANG_WARN_EMPTY_BODY = YES;
				CLANG_WARN_ENUM_CONVERSION = YES;
				CLANG_WARN_INFINITE_RECURSION = YES;
				CLANG_WARN_INT_CONVERSION = YES;
				CLANG_WARN_NON_LITERAL_NULL_CONVERSION = YES;
				CLANG_WARN_OBJC_IMPLICIT_RETAIN_SELF = YES;
				CLANG_WARN_OBJC_LITERAL_CONVERSION = YES;
				CLANG_WARN_OBJC_ROOT_CLASS = YES_ERROR;
				CLANG_WARN_RANGE_LOOP_ANALYSIS = YES;
				CLANG_WARN_STRICT_PROTOTYPES = YES;
				CLANG_WARN_SUSPICIOUS_MOVE = YES;
				CLANG_WARN_UNGUARDED_AVAILABILITY = YES_AGGRESSIVE;
				CLANG_WARN_UNREACHABLE_CODE = YES;
				CLANG_WARN__DUPLICATE_METHOD_MATCH = YES;
				CODE_SIGN_IDENTITY = "iPhone Developer";
				COPY_PHASE_STRIP = NO;
				DEBUG_INFORMATION_FORMAT = "dwarf-with-dsym";
				ENABLE_NS_ASSERTIONS = NO;
				ENABLE_STRICT_OBJC_MSGSEND = YES;
				GCC_C_LANGUAGE_STANDARD = gnu11;
				GCC_NO_COMMON_BLOCKS = YES;
				GCC_WARN_64_TO_32_BIT_CONVERSION = YES;
				GCC_WARN_ABOUT_RETURN_TYPE = YES_ERROR;
				GCC_WARN_UNDECLARED_SELECTOR = YES;
				GCC_WARN_UNINITIALIZED_AUTOS = YES_AGGRESSIVE;
				GCC_WARN_UNUSED_FUNCTION = YES;
				GCC_WARN_UNUSED_VARIABLE = YES;
				IPHONEOS_DEPLOYMENT_TARGET = 12.1;
				MTL_ENABLE_DEBUG_INFO = NO;
				MTL_FAST_MATH = YES;
				SDKROOT = iphoneos;
				SWIFT_COMPILATION_MODE = wholemodule;
				SWIFT_OPTIMIZATION_LEVEL = "-O";
				VALIDATE_PRODUCT = YES;
			};
			name = Release;
		};
		6914A6B021DE5B11004753D8 /* Debug */ = {
			isa = XCBuildConfiguration;
			buildSettings = {
				ASSETCATALOG_COMPILER_APPICON_NAME = AppIcon;
				CODE_SIGN_STYLE = Automatic;
				DEVELOPMENT_TEAM = VYGKC5AKZW;
				INFOPLIST_FILE = GitXcode/Info.plist;
				LD_RUNPATH_SEARCH_PATHS = (
					"$(inherited)",
					"@executable_path/Frameworks",
				);
				PRODUCT_BUNDLE_IDENTIFIER = de.GitXcode;
				PRODUCT_NAME = "$(TARGET_NAME)";
				SWIFT_VERSION = 4.2;
				TARGETED_DEVICE_FAMILY = "1,2";
			};
			name = Debug;
		};
		6914A6B121DE5B11004753D8 /* Release */ = {
			isa = XCBuildConfiguration;
			buildSettings = {
				ASSETCATALOG_COMPILER_APPICON_NAME = AppIcon;
				CODE_SIGN_STYLE = Automatic;
				DEVELOPMENT_TEAM = VYGKC5AKZW;
				INFOPLIST_FILE = GitXcode/Info.plist;
				LD_RUNPATH_SEARCH_PATHS = (
					"$(inherited)",
					"@executable_path/Frameworks",
				);
				PRODUCT_BUNDLE_IDENTIFIER = de.GitXcode;
				PRODUCT_NAME = "$(TARGET_NAME)";
				SWIFT_VERSION = 4.2;
				TARGETED_DEVICE_FAMILY = "1,2";
			};
			name = Release;
		};
		6914A6B321DE5B11004753D8 /* Debug */ = {
			isa = XCBuildConfiguration;
			buildSettings = {
				ALWAYS_EMBED_SWIFT_STANDARD_LIBRARIES = YES;
				BUNDLE_LOADER = "$(TEST_HOST)";
				CODE_SIGN_STYLE = Automatic;
				DEVELOPMENT_TEAM = VYGKC5AKZW;
				INFOPLIST_FILE = GitXcodeTests/Info.plist;
				LD_RUNPATH_SEARCH_PATHS = (
					"$(inherited)",
					"@executable_path/Frameworks",
					"@loader_path/Frameworks",
				);
				PRODUCT_BUNDLE_IDENTIFIER = de.GitXcodeTests;
				PRODUCT_NAME = "$(TARGET_NAME)";
				SWIFT_VERSION = 4.2;
				TARGETED_DEVICE_FAMILY = "1,2";
				TEST_HOST = "$(BUILT_PRODUCTS_DIR)/GitXcode.app/GitXcode";
			};
			name = Debug;
		};
		6914A6B421DE5B11004753D8 /* Release */ = {
			isa = XCBuildConfiguration;
			buildSettings = {
				ALWAYS_EMBED_SWIFT_STANDARD_LIBRARIES = YES;
				BUNDLE_LOADER = "$(TEST_HOST)";
				CODE_SIGN_STYLE = Automatic;
				DEVELOPMENT_TEAM = VYGKC5AKZW;
				INFOPLIST_FILE = GitXcodeTests/Info.plist;
				LD_RUNPATH_SEARCH_PATHS = (
					"$(inherited)",
					"@executable_path/Frameworks",
					"@loader_path/Frameworks",
				);
				PRODUCT_BUNDLE_IDENTIFIER = de.GitXcodeTests;
				PRODUCT_NAME = "$(TARGET_NAME)";
				SWIFT_VERSION = 4.2;
				TARGETED_DEVICE_FAMILY = "1,2";
				TEST_HOST = "$(BUILT_PRODUCTS_DIR)/GitXcode.app/GitXcode";
			};
			name = Release;
		};
		6914A6B621DE5B11004753D8 /* Debug */ = {
			isa = XCBuildConfiguration;
			buildSettings = {
				ALWAYS_EMBED_SWIFT_STANDARD_LIBRARIES = YES;
				CODE_SIGN_STYLE = Automatic;
				DEVELOPMENT_TEAM = VYGKC5AKZW;
				INFOPLIST_FILE = GitXcodeUITests/Info.plist;
				LD_RUNPATH_SEARCH_PATHS = (
					"$(inherited)",
					"@executable_path/Frameworks",
					"@loader_path/Frameworks",
				);
				PRODUCT_BUNDLE_IDENTIFIER = de.GitXcodeUITests;
				PRODUCT_NAME = "$(TARGET_NAME)";
				SWIFT_VERSION = 4.2;
				TARGETED_DEVICE_FAMILY = "1,2";
				TEST_TARGET_NAME = GitXcode;
			};
			name = Debug;
		};
		6914A6B721DE5B11004753D8 /* Release */ = {
			isa = XCBuildConfiguration;
			buildSettings = {
				ALWAYS_EMBED_SWIFT_STANDARD_LIBRARIES = YES;
				CODE_SIGN_STYLE = Automatic;
				DEVELOPMENT_TEAM = VYGKC5AKZW;
				INFOPLIST_FILE = GitXcodeUITests/Info.plist;
				LD_RUNPATH_SEARCH_PATHS = (
					"$(inherited)",
					"@executable_path/Frameworks",
					"@loader_path/Frameworks",
				);
				PRODUCT_BUNDLE_IDENTIFIER = de.GitXcodeUITests;
				PRODUCT_NAME = "$(TARGET_NAME)";
				SWIFT_VERSION = 4.2;
				TARGETED_DEVICE_FAMILY = "1,2";
				TEST_TARGET_NAME = GitXcode;
			};
			name = Release;
		};
/* End XCBuildConfiguration section */

/* Begin XCConfigurationList section */
		6914A67F21DE5B0D004753D8 /* Build configuration list for PBXProject "GitXcode" */ = {
			isa = XCConfigurationList;
			buildConfigurations = (
				6914A6AD21DE5B11004753D8 /* Debug */,
				6914A6AE21DE5B11004753D8 /* Release */,
			);
			defaultConfigurationIsVisible = 0;
			defaultConfigurationName = Release;
		};
		6914A6AF21DE5B11004753D8 /* Build configuration list for PBXNativeTarget "GitXcode" */ = {
			isa = XCConfigurationList;
			buildConfigurations = (
				6914A6B021DE5B11004753D8 /* Debug */,
				6914A6B121DE5B11004753D8 /* Release */,
			);
			defaultConfigurationIsVisible = 0;
			defaultConfigurationName = Release;
		};
		6914A6B221DE5B11004753D8 /* Build configuration list for PBXNativeTarget "GitXcodeTests" */ = {
			isa = XCConfigurationList;
			buildConfigurations = (
				6914A6B321DE5B11004753D8 /* Debug */,
				6914A6B421DE5B11004753D8 /* Release */,
			);
			defaultConfigurationIsVisible = 0;
			defaultConfigurationName = Release;
		};
		6914A6B521DE5B11004753D8 /* Build configuration list for PBXNativeTarget "GitXcodeUITests" */ = {
			isa = XCConfigurationList;
			buildConfigurations = (
				6914A6B621DE5B11004753D8 /* Debug */,
				6914A6B721DE5B11004753D8 /* Release */,
			);
			defaultConfigurationIsVisible = 0;
			defaultConfigurationName = Release;
		};
/* End XCConfigurationList section */

/* Begin XCVersionGroup section */
		6914A68E21DE5B0D004753D8 /* GitXcode.xcdatamodeld */ = {
			isa = XCVersionGroup;
			children = (
				6914A68F21DE5B0D004753D8 /* GitXcode.xcdatamodel */,
			);
			currentVersion = 6914A68F21DE5B0D004753D8 /* GitXcode.xcdatamodel */;
			path = GitXcode.xcdatamodeld;
			sourceTree = "<group>";
			versionGroupType = wrapper.xcdatamodel;
		};
/* End XCVersionGroup section */
	};
	rootObject = 6914A67C21DE5B0D004753D8 /* Project object */;
}
